
Microsoft Visual Studio Solution File, Format Version 12.00
# Visual Studio Version 17
VisualStudioVersion = 17.7.34018.315
MinimumVisualStudioVersion = 10.0.40219.1
Project("{8BC9CEB8-8B4A-11D0-8D11-00A0C91BC942}") = "Project1", "Project1\Project1.vcxproj", "{8FD0F8D9-7EDA-4E2C-97A9-B7EE95D10190}"
EndProject
Global
	GlobalSection(SolutionConfigurationPlatforms) = preSolution
		Debug|x64 = Debug|x64
		Debug|x86 = Debug|x86
		Release|x64 = Release|x64
		Release|x86 = Release|x86
	EndGlobalSection
	GlobalSection(ProjectConfigurationPlatforms) = postSolution
		{8FD0F8D9-7EDA-4E2C-97A9-B7EE95D10190}.Debug|x64.ActiveCfg = Debug|x64
		{8FD0F8D9-7EDA-4E2C-97A9-B7EE95D10190}.Debug|x64.Build.0 = Debug|x64
		{8FD0F8D9-7EDA-4E2C-97A9-B7EE95D10190}.Debug|x86.ActiveCfg = Debug|Win32
		{8FD0F8D9-7EDA-4E2C-97A9-B7EE95D10190}.Debug|x86.Build.0 = Debug|Win32
		{8FD0F8D9-7EDA-4E2C-97A9-B7EE95D10190}.Release|x64.ActiveCfg = Release|x64
		{8FD0F8D9-7EDA-4E2C-97A9-B7EE95D10190}.Release|x64.Build.0 = Release|x64
		{8FD0F8D9-7EDA-4E2C-97A9-B7EE95D10190}.Release|x86.ActiveCfg = Release|Win32
		{8FD0F8D9-7EDA-4E2C-97A9-B7EE95D10190}.Release|x86.Build.0 = Release|Win32
	EndGlobalSection
	GlobalSection(SolutionProperties) = preSolution
		HideSolutionNode = FALSE
	EndGlobalSection
	GlobalSection(ExtensibilityGlobals) = postSolution
		SolutionGuid = {6D3A1DD5-1B60-4CA8-B818-FEA6469A0E2A}
	EndGlobalSection
EndGlobal
